// !$*UTF8*$!
{
	archiveVersion = 1;
	classes = {
	};
	objectVersion = 51;
	objects = {

/* Begin PBXBuildFile section */
		0C0BC0BF23306A8F001AE548 /* DDPopupGameSet.m in Sources */ = {isa = PBXBuildFile; fileRef = 0C0BC0BE23306A8F001AE548 /* DDPopupGameSet.m */; };
		0C0BC0D023307F27001AE548 /* DDZZYYJsonParseTools.m in Sources */ = {isa = PBXBuildFile; fileRef = 0C0BC0CF23307F27001AE548 /* DDZZYYJsonParseTools.m */; };
		0C0BC10A23311E79001AE548 /* MusicPlayObj.m in Sources */ = {isa = PBXBuildFile; fileRef = 0C0BC10923311E79001AE548 /* MusicPlayObj.m */; };
		0C0BC10D23320807001AE548 /* DDZPayManager.m in Sources */ = {isa = PBXBuildFile; fileRef = 0C0BC10C23320807001AE548 /* DDZPayManager.m */; };
		0C0ECB9D232F6A930098E47A /* MBProgressHUD+PD.m in Sources */ = {isa = PBXBuildFile; fileRef = 0C0ECB9C232F6A930098E47A /* MBProgressHUD+PD.m */; };
		0C117BEE23321348008B9282 /* DDZUpdateView.m in Sources */ = {isa = PBXBuildFile; fileRef = 0C117BED23321348008B9282 /* DDZUpdateView.m */; };
		0C117BF123324610008B9282 /* FixButton.m in Sources */ = {isa = PBXBuildFile; fileRef = 0C117BF023324610008B9282 /* FixButton.m */; };
		0C40B0EA23265C7D0032F0FC /* PlotAnimationObject.m in Sources */ = {isa = PBXBuildFile; fileRef = 0C40B0E923265C7D0032F0FC /* PlotAnimationObject.m */; };
		0C40B0ED2327797D0032F0FC /* PlotProgressView.m in Sources */ = {isa = PBXBuildFile; fileRef = 0C40B0EC2327797D0032F0FC /* PlotProgressView.m */; };
		0C40B0F123278A610032F0FC /* PlotTakeView.m in Sources */ = {isa = PBXBuildFile; fileRef = 0C40B0F023278A610032F0FC /* PlotTakeView.m */; };
		0C40B0F4232799540032F0FC /* PlotImgVButton.m in Sources */ = {isa = PBXBuildFile; fileRef = 0C40B0F3232799540032F0FC /* PlotImgVButton.m */; };
		0C40B0F92327CDA80032F0FC /* DDHomeController.m in Sources */ = {isa = PBXBuildFile; fileRef = 0C40B0F82327CDA80032F0FC /* DDHomeController.m */; };
		0C40B1172328D55E0032F0FC /* 方正准圆繁体.TTF in Resources */ = {isa = PBXBuildFile; fileRef = 0C40B1162328D55E0032F0FC /* 方正准圆繁体.TTF */; };
		0C40B1192328D9B20032F0FC /* PingFang Heavy.ttf in Resources */ = {isa = PBXBuildFile; fileRef = 0C40B1182328D9B20032F0FC /* PingFang Heavy.ttf */; };
		0C40B11E2328EA490032F0FC /* UILabel+Extension.m in Sources */ = {isa = PBXBuildFile; fileRef = 0C40B11D2328EA490032F0FC /* UILabel+Extension.m */; };
		0C40B124232925B40032F0FC /* DDPopupView.m in Sources */ = {isa = PBXBuildFile; fileRef = 0C40B123232925B40032F0FC /* DDPopupView.m */; };
		0C40B1272329EA020032F0FC /* UITextView+Placeholder.m in Sources */ = {isa = PBXBuildFile; fileRef = 0C40B1252329EA020032F0FC /* UITextView+Placeholder.m */; };
		0CA49B7D232A2D77002CADD0 /* DDMapController.m in Sources */ = {isa = PBXBuildFile; fileRef = 0CA49B7C232A2D77002CADD0 /* DDMapController.m */; };
		0CA49B80232B4207002CADD0 /* MapGradeButton.m in Sources */ = {isa = PBXBuildFile; fileRef = 0CA49B7F232B4207002CADD0 /* MapGradeButton.m */; };
		0CA49B87232CA297002CADD0 /* DDZMapModel.m in Sources */ = {isa = PBXBuildFile; fileRef = 0CA49B86232CA297002CADD0 /* DDZMapModel.m */; };
		0CF8B90923335FC1007185D3 /* 方正粗圆繁体.ttf in Resources */ = {isa = PBXBuildFile; fileRef = 0CF8B90823335FC0007185D3 /* 方正粗圆繁体.ttf */; };
		0CF8B90C23339912007185D3 /* PlotAn.m in Sources */ = {isa = PBXBuildFile; fileRef = 0CF8B90B23339912007185D3 /* PlotAn.m */; };
		0CF8B95E2334D18B007185D3 /* ProtocolController.m in Sources */ = {isa = PBXBuildFile; fileRef = 0CF8B95D2334D18B007185D3 /* ProtocolController.m */; };
		3F9A85DE1252CAD1A2F0AAD5 /* Pods_DDZCJ.framework in Frameworks */ = {isa = PBXBuildFile; fileRef = 320F0C62FD9C2832C69052DA /* Pods_DDZCJ.framework */; };
		65ACDC88B388575850819082 /* Pods_DDZCJTests.framework in Frameworks */ = {isa = PBXBuildFile; fileRef = 5CFD03C67E0B1424215688A4 /* Pods_DDZCJTests.framework */; };
		A378DC0B231E422800B92040 /* PaiXingProperty.plist in Resources */ = {isa = PBXBuildFile; fileRef = A378DC0A231E422700B92040 /* PaiXingProperty.plist */; };
		A3BD5E6F2318F76100F18D3D /* AppDelegate.m in Sources */ = {isa = PBXBuildFile; fileRef = A3BD5E6E2318F76100F18D3D /* AppDelegate.m */; };
		A3BD5E792318F76100F18D3D /* GameViewController.m in Sources */ = {isa = PBXBuildFile; fileRef = A3BD5E782318F76100F18D3D /* GameViewController.m */; };
		A3BD5E7C2318F76100F18D3D /* Main.storyboard in Resources */ = {isa = PBXBuildFile; fileRef = A3BD5E7A2318F76100F18D3D /* Main.storyboard */; };
		A3BD5E7E2318F76200F18D3D /* Assets.xcassets in Resources */ = {isa = PBXBuildFile; fileRef = A3BD5E7D2318F76200F18D3D /* Assets.xcassets */; };
		A3BD5E812318F76200F18D3D /* LaunchScreen.storyboard in Resources */ = {isa = PBXBuildFile; fileRef = A3BD5E7F2318F76200F18D3D /* LaunchScreen.storyboard */; };
		A3BD5E842318F76200F18D3D /* main.m in Sources */ = {isa = PBXBuildFile; fileRef = A3BD5E832318F76200F18D3D /* main.m */; };
		A3BD5E8E2318F76200F18D3D /* DDZCJTests.m in Sources */ = {isa = PBXBuildFile; fileRef = A3BD5E8D2318F76200F18D3D /* DDZCJTests.m */; };
		A3BD5E992318F76200F18D3D /* DDZCJUITests.m in Sources */ = {isa = PBXBuildFile; fileRef = A3BD5E982318F76200F18D3D /* DDZCJUITests.m */; };
		A3BD5EAA2318F7A700F18D3D /* LongPokerCardTool.m in Sources */ = {isa = PBXBuildFile; fileRef = A3BD5EA72318F7A600F18D3D /* LongPokerCardTool.m */; };
		A3BD5EAB2318F7A700F18D3D /* LongCardModel.m in Sources */ = {isa = PBXBuildFile; fileRef = A3BD5EA92318F7A700F18D3D /* LongCardModel.m */; };
		A3BD5EAE2318F7C000F18D3D /* LongFirstViewController.m in Sources */ = {isa = PBXBuildFile; fileRef = A3BD5EAD2318F7C000F18D3D /* LongFirstViewController.m */; };
		A3BD5EB12318F85100F18D3D /* LongDDZScene.m in Sources */ = {isa = PBXBuildFile; fileRef = A3BD5EAF2318F85000F18D3D /* LongDDZScene.m */; };
		A3F8535D2330701B003F8DF4 /* DDZJieSuanView.m in Sources */ = {isa = PBXBuildFile; fileRef = A3F8535C2330701A003F8DF4 /* DDZJieSuanView.m */; };
		A3F853622331BEDD003F8DF4 /* DDZBackgroundMusic.m in Sources */ = {isa = PBXBuildFile; fileRef = A3F853612331BEDD003F8DF4 /* DDZBackgroundMusic.m */; };
		A3F853852334B60D003F8DF4 /* game_danzhang.caf in Resources */ = {isa = PBXBuildFile; fileRef = A3F8537B2334B60A003F8DF4 /* game_danzhang.caf */; };
		A3F853862334B60D003F8DF4 /* game_buyao.caf in Resources */ = {isa = PBXBuildFile; fileRef = A3F8537C2334B60A003F8DF4 /* game_buyao.caf */; };
		A3F853872334B60D003F8DF4 /* game_fail.caf in Resources */ = {isa = PBXBuildFile; fileRef = A3F8537D2334B60A003F8DF4 /* game_fail.caf */; };
		A3F853892334B60D003F8DF4 /* game_choiceCard.caf in Resources */ = {isa = PBXBuildFile; fileRef = A3F8537F2334B60A003F8DF4 /* game_choiceCard.caf */; };
		A3F8538A2334B60D003F8DF4 /* game_backgroundMusic.caf in Resources */ = {isa = PBXBuildFile; fileRef = A3F853802334B60D003F8DF4 /* game_backgroundMusic.caf */; };
		A3F8538B2334B60D003F8DF4 /* game_click.caf in Resources */ = {isa = PBXBuildFile; fileRef = A3F853812334B60D003F8DF4 /* game_click.caf */; };
		A3F8538C2334B60D003F8DF4 /* game_duozhang.caf in Resources */ = {isa = PBXBuildFile; fileRef = A3F853822334B60D003F8DF4 /* game_duozhang.caf */; };
		A3F8538D2334B60D003F8DF4 /* game_succeed.caf in Resources */ = {isa = PBXBuildFile; fileRef = A3F853832334B60D003F8DF4 /* game_succeed.caf */; };
		A3F8538E2334B60D003F8DF4 /* lobby_bgMusic.caf in Resources */ = {isa = PBXBuildFile; fileRef = A3F853842334B60D003F8DF4 /* lobby_bgMusic.caf */; };
		B6795EDF2120BE6D5B94E0D5 /* Pods_DDZCJUITests.framework in Frameworks */ = {isa = PBXBuildFile; fileRef = 9A2BE82F11A9A5F935EE955B /* Pods_DDZCJUITests.framework */; };
/* End PBXBuildFile section */

/* Begin PBXContainerItemProxy section */
		A3BD5E8A2318F76200F18D3D /* PBXContainerItemProxy */ = {
			isa = PBXContainerItemProxy;
			containerPortal = A3BD5E622318F76100F18D3D /* Project object */;
			proxyType = 1;
			remoteGlobalIDString = A3BD5E692318F76100F18D3D;
			remoteInfo = DDZCJ;
		};
		A3BD5E952318F76200F18D3D /* PBXContainerItemProxy */ = {
			isa = PBXContainerItemProxy;
			containerPortal = A3BD5E622318F76100F18D3D /* Project object */;
			proxyType = 1;
			remoteGlobalIDString = A3BD5E692318F76100F18D3D;
			remoteInfo = DDZCJ;
		};
/* End PBXContainerItemProxy section */

/* Begin PBXFileReference section */
		0C0BC0BD23306A8F001AE548 /* DDPopupGameSet.h */ = {isa = PBXFileReference; lastKnownFileType = sourcecode.c.h; path = DDPopupGameSet.h; sourceTree = "<group>"; };
		0C0BC0BE23306A8F001AE548 /* DDPopupGameSet.m */ = {isa = PBXFileReference; lastKnownFileType = sourcecode.c.objc; path = DDPopupGameSet.m; sourceTree = "<group>"; };
		0C0BC0CE23307F27001AE548 /* DDZZYYJsonParseTools.h */ = {isa = PBXFileReference; fileEncoding = 4; lastKnownFileType = sourcecode.c.h; path = DDZZYYJsonParseTools.h; sourceTree = "<group>"; };
		0C0BC0CF23307F27001AE548 /* DDZZYYJsonParseTools.m */ = {isa = PBXFileReference; fileEncoding = 4; lastKnownFileType = sourcecode.c.objc; path = DDZZYYJsonParseTools.m; sourceTree = "<group>"; };
		0C0BC1052330C543001AE548 /* DDZCJ.entitlements */ = {isa = PBXFileReference; lastKnownFileType = text.plist.entitlements; path = DDZCJ.entitlements; sourceTree = "<group>"; };
		0C0BC10823311E79001AE548 /* MusicPlayObj.h */ = {isa = PBXFileReference; lastKnownFileType = sourcecode.c.h; path = MusicPlayObj.h; sourceTree = "<group>"; };
		0C0BC10923311E79001AE548 /* MusicPlayObj.m */ = {isa = PBXFileReference; lastKnownFileType = sourcecode.c.objc; path = MusicPlayObj.m; sourceTree = "<group>"; };
		0C0BC10B23320807001AE548 /* DDZPayManager.h */ = {isa = PBXFileReference; lastKnownFileType = sourcecode.c.h; path = DDZPayManager.h; sourceTree = "<group>"; };
		0C0BC10C23320807001AE548 /* DDZPayManager.m */ = {isa = PBXFileReference; lastKnownFileType = sourcecode.c.objc; path = DDZPayManager.m; sourceTree = "<group>"; };
		0C0ECB84232F37B70098E47A /* DDZKeyHelper.h */ = {isa = PBXFileReference; lastKnownFileType = sourcecode.c.h; path = DDZKeyHelper.h; sourceTree = "<group>"; };
		0C0ECB9B232F6A930098E47A /* MBProgressHUD+PD.h */ = {isa = PBXFileReference; lastKnownFileType = sourcecode.c.h; path = "MBProgressHUD+PD.h"; sourceTree = "<group>"; };
		0C0ECB9C232F6A930098E47A /* MBProgressHUD+PD.m */ = {isa = PBXFileReference; lastKnownFileType = sourcecode.c.objc; path = "MBProgressHUD+PD.m"; sourceTree = "<group>"; };
		0C117BEC23321348008B9282 /* DDZUpdateView.h */ = {isa = PBXFileReference; lastKnownFileType = sourcecode.c.h; path = DDZUpdateView.h; sourceTree = "<group>"; };
		0C117BED23321348008B9282 /* DDZUpdateView.m */ = {isa = PBXFileReference; lastKnownFileType = sourcecode.c.objc; path = DDZUpdateView.m; sourceTree = "<group>"; };
		0C117BEF23324610008B9282 /* FixButton.h */ = {isa = PBXFileReference; lastKnownFileType = sourcecode.c.h; path = FixButton.h; sourceTree = "<group>"; };
		0C117BF023324610008B9282 /* FixButton.m */ = {isa = PBXFileReference; lastKnownFileType = sourcecode.c.objc; path = FixButton.m; sourceTree = "<group>"; };
		0C40B0E823265C7D0032F0FC /* PlotAnimationObject.h */ = {isa = PBXFileReference; lastKnownFileType = sourcecode.c.h; path = PlotAnimationObject.h; sourceTree = "<group>"; };
		0C40B0E923265C7D0032F0FC /* PlotAnimationObject.m */ = {isa = PBXFileReference; lastKnownFileType = sourcecode.c.objc; path = PlotAnimationObject.m; sourceTree = "<group>"; };
		0C40B0EB2327797D0032F0FC /* PlotProgressView.h */ = {isa = PBXFileReference; lastKnownFileType = sourcecode.c.h; path = PlotProgressView.h; sourceTree = "<group>"; };
		0C40B0EC2327797D0032F0FC /* PlotProgressView.m */ = {isa = PBXFileReference; lastKnownFileType = sourcecode.c.objc; path = PlotProgressView.m; sourceTree = "<group>"; };
		0C40B0EE23277A510032F0FC /* DDZColorHelper.h */ = {isa = PBXFileReference; fileEncoding = 4; lastKnownFileType = sourcecode.c.h; path = DDZColorHelper.h; sourceTree = "<group>"; };
		0C40B0EF23278A610032F0FC /* PlotTakeView.h */ = {isa = PBXFileReference; lastKnownFileType = sourcecode.c.h; name = PlotTakeView.h; path = DDZCJ/DDZTool/PlotTakeView.h; sourceTree = SOURCE_ROOT; };
		0C40B0F023278A610032F0FC /* PlotTakeView.m */ = {isa = PBXFileReference; lastKnownFileType = sourcecode.c.objc; name = PlotTakeView.m; path = DDZCJ/DDZTool/PlotTakeView.m; sourceTree = SOURCE_ROOT; };
		0C40B0F2232799540032F0FC /* PlotImgVButton.h */ = {isa = PBXFileReference; lastKnownFileType = sourcecode.c.h; path = PlotImgVButton.h; sourceTree = "<group>"; };
		0C40B0F3232799540032F0FC /* PlotImgVButton.m */ = {isa = PBXFileReference; lastKnownFileType = sourcecode.c.objc; path = PlotImgVButton.m; sourceTree = "<group>"; };
		0C40B0F72327CDA80032F0FC /* DDHomeController.h */ = {isa = PBXFileReference; lastKnownFileType = sourcecode.c.h; path = DDHomeController.h; sourceTree = "<group>"; };
		0C40B0F82327CDA80032F0FC /* DDHomeController.m */ = {isa = PBXFileReference; lastKnownFileType = sourcecode.c.objc; path = DDHomeController.m; sourceTree = "<group>"; };
		0C40B1162328D55E0032F0FC /* 方正准圆繁体.TTF */ = {isa = PBXFileReference; lastKnownFileType = file; path = "方正准圆繁体.TTF"; sourceTree = "<group>"; };
		0C40B1182328D9B20032F0FC /* PingFang Heavy.ttf */ = {isa = PBXFileReference; lastKnownFileType = file; path = "PingFang Heavy.ttf"; sourceTree = "<group>"; };
		0C40B11C2328EA490032F0FC /* UILabel+Extension.h */ = {isa = PBXFileReference; lastKnownFileType = sourcecode.c.h; path = "UILabel+Extension.h"; sourceTree = "<group>"; };
		0C40B11D2328EA490032F0FC /* UILabel+Extension.m */ = {isa = PBXFileReference; lastKnownFileType = sourcecode.c.objc; path = "UILabel+Extension.m"; sourceTree = "<group>"; };
		0C40B122232925B40032F0FC /* DDPopupView.h */ = {isa = PBXFileReference; lastKnownFileType = sourcecode.c.h; name = DDPopupView.h; path = DDZCJ/DDZExtension/DDPopupView.h; sourceTree = SOURCE_ROOT; };
		0C40B123232925B40032F0FC /* DDPopupView.m */ = {isa = PBXFileReference; lastKnownFileType = sourcecode.c.objc; name = DDPopupView.m; path = DDZCJ/DDZExtension/DDPopupView.m; sourceTree = SOURCE_ROOT; };
		0C40B1252329EA020032F0FC /* UITextView+Placeholder.m */ = {isa = PBXFileReference; fileEncoding = 4; lastKnownFileType = sourcecode.c.objc; path = "UITextView+Placeholder.m"; sourceTree = "<group>"; };
		0C40B1262329EA020032F0FC /* UITextView+Placeholder.h */ = {isa = PBXFileReference; fileEncoding = 4; lastKnownFileType = sourcecode.c.h; path = "UITextView+Placeholder.h"; sourceTree = "<group>"; };
		0CA49B7B232A2D77002CADD0 /* DDMapController.h */ = {isa = PBXFileReference; lastKnownFileType = sourcecode.c.h; path = DDMapController.h; sourceTree = "<group>"; };
		0CA49B7C232A2D77002CADD0 /* DDMapController.m */ = {isa = PBXFileReference; lastKnownFileType = sourcecode.c.objc; path = DDMapController.m; sourceTree = "<group>"; };
		0CA49B7E232B4207002CADD0 /* MapGradeButton.h */ = {isa = PBXFileReference; lastKnownFileType = sourcecode.c.h; path = MapGradeButton.h; sourceTree = "<group>"; };
		0CA49B7F232B4207002CADD0 /* MapGradeButton.m */ = {isa = PBXFileReference; lastKnownFileType = sourcecode.c.objc; path = MapGradeButton.m; sourceTree = "<group>"; };
		0CA49B85232CA297002CADD0 /* DDZMapModel.h */ = {isa = PBXFileReference; fileEncoding = 4; lastKnownFileType = sourcecode.c.h; path = DDZMapModel.h; sourceTree = "<group>"; };
		0CA49B86232CA297002CADD0 /* DDZMapModel.m */ = {isa = PBXFileReference; fileEncoding = 4; lastKnownFileType = sourcecode.c.objc; path = DDZMapModel.m; sourceTree = "<group>"; };
		0CF8B90823335FC0007185D3 /* 方正粗圆繁体.ttf */ = {isa = PBXFileReference; lastKnownFileType = file; path = "方正粗圆繁体.ttf"; sourceTree = "<group>"; };
		0CF8B90A23339912007185D3 /* PlotAn.h */ = {isa = PBXFileReference; lastKnownFileType = sourcecode.c.h; path = PlotAn.h; sourceTree = "<group>"; };
		0CF8B90B23339912007185D3 /* PlotAn.m */ = {isa = PBXFileReference; lastKnownFileType = sourcecode.c.objc; path = PlotAn.m; sourceTree = "<group>"; };
		0CF8B95C2334D18B007185D3 /* ProtocolController.h */ = {isa = PBXFileReference; lastKnownFileType = sourcecode.c.h; path = ProtocolController.h; sourceTree = "<group>"; };
		0CF8B95D2334D18B007185D3 /* ProtocolController.m */ = {isa = PBXFileReference; lastKnownFileType = sourcecode.c.objc; path = ProtocolController.m; sourceTree = "<group>"; };
		30272250FBFF0FC984358BBD /* Pods-DDZCJUITests.debug.xcconfig */ = {isa = PBXFileReference; includeInIndex = 1; lastKnownFileType = text.xcconfig; name = "Pods-DDZCJUITests.debug.xcconfig"; path = "Target Support Files/Pods-DDZCJUITests/Pods-DDZCJUITests.debug.xcconfig"; sourceTree = "<group>"; };
		320F0C62FD9C2832C69052DA /* Pods_DDZCJ.framework */ = {isa = PBXFileReference; explicitFileType = wrapper.framework; includeInIndex = 0; path = Pods_DDZCJ.framework; sourceTree = BUILT_PRODUCTS_DIR; };
		3F552306B5BAC95A8AE4C6A7 /* Pods-DDZCJ.debug.xcconfig */ = {isa = PBXFileReference; includeInIndex = 1; lastKnownFileType = text.xcconfig; name = "Pods-DDZCJ.debug.xcconfig"; path = "Target Support Files/Pods-DDZCJ/Pods-DDZCJ.debug.xcconfig"; sourceTree = "<group>"; };
		5CFD03C67E0B1424215688A4 /* Pods_DDZCJTests.framework */ = {isa = PBXFileReference; explicitFileType = wrapper.framework; includeInIndex = 0; path = Pods_DDZCJTests.framework; sourceTree = BUILT_PRODUCTS_DIR; };
		7BBB5F064816F293C9413E47 /* Pods-DDZCJTests.release.xcconfig */ = {isa = PBXFileReference; includeInIndex = 1; lastKnownFileType = text.xcconfig; name = "Pods-DDZCJTests.release.xcconfig"; path = "Target Support Files/Pods-DDZCJTests/Pods-DDZCJTests.release.xcconfig"; sourceTree = "<group>"; };
		9A2BE82F11A9A5F935EE955B /* Pods_DDZCJUITests.framework */ = {isa = PBXFileReference; explicitFileType = wrapper.framework; includeInIndex = 0; path = Pods_DDZCJUITests.framework; sourceTree = BUILT_PRODUCTS_DIR; };
		A378DC0A231E422700B92040 /* PaiXingProperty.plist */ = {isa = PBXFileReference; fileEncoding = 4; lastKnownFileType = text.plist.xml; path = PaiXingProperty.plist; sourceTree = "<group>"; };
		A3BD5E6A2318F76100F18D3D /* DDZCJ.app */ = {isa = PBXFileReference; explicitFileType = wrapper.application; includeInIndex = 0; path = DDZCJ.app; sourceTree = BUILT_PRODUCTS_DIR; };
		A3BD5E6D2318F76100F18D3D /* AppDelegate.h */ = {isa = PBXFileReference; lastKnownFileType = sourcecode.c.h; path = AppDelegate.h; sourceTree = "<group>"; };
		A3BD5E6E2318F76100F18D3D /* AppDelegate.m */ = {isa = PBXFileReference; lastKnownFileType = sourcecode.c.objc; path = AppDelegate.m; sourceTree = "<group>"; };
		A3BD5E772318F76100F18D3D /* GameViewController.h */ = {isa = PBXFileReference; lastKnownFileType = sourcecode.c.h; path = GameViewController.h; sourceTree = "<group>"; };
		A3BD5E782318F76100F18D3D /* GameViewController.m */ = {isa = PBXFileReference; lastKnownFileType = sourcecode.c.objc; path = GameViewController.m; sourceTree = "<group>"; };
		A3BD5E7B2318F76100F18D3D /* Base */ = {isa = PBXFileReference; lastKnownFileType = file.storyboard; name = Base; path = Base.lproj/Main.storyboard; sourceTree = "<group>"; };
		A3BD5E7D2318F76200F18D3D /* Assets.xcassets */ = {isa = PBXFileReference; lastKnownFileType = folder.assetcatalog; path = Assets.xcassets; sourceTree = "<group>"; };
		A3BD5E802318F76200F18D3D /* Base */ = {isa = PBXFileReference; lastKnownFileType = file.storyboard; name = Base; path = Base.lproj/LaunchScreen.storyboard; sourceTree = "<group>"; };
		A3BD5E822318F76200F18D3D /* Info.plist */ = {isa = PBXFileReference; lastKnownFileType = text.plist.xml; path = Info.plist; sourceTree = "<group>"; };
		A3BD5E832318F76200F18D3D /* main.m */ = {isa = PBXFileReference; lastKnownFileType = sourcecode.c.objc; path = main.m; sourceTree = "<group>"; };
		A3BD5E892318F76200F18D3D /* DDZCJTests.xctest */ = {isa = PBXFileReference; explicitFileType = wrapper.cfbundle; includeInIndex = 0; path = DDZCJTests.xctest; sourceTree = BUILT_PRODUCTS_DIR; };
		A3BD5E8D2318F76200F18D3D /* DDZCJTests.m */ = {isa = PBXFileReference; lastKnownFileType = sourcecode.c.objc; path = DDZCJTests.m; sourceTree = "<group>"; };
		A3BD5E8F2318F76200F18D3D /* Info.plist */ = {isa = PBXFileReference; lastKnownFileType = text.plist.xml; path = Info.plist; sourceTree = "<group>"; };
		A3BD5E942318F76200F18D3D /* DDZCJUITests.xctest */ = {isa = PBXFileReference; explicitFileType = wrapper.cfbundle; includeInIndex = 0; path = DDZCJUITests.xctest; sourceTree = BUILT_PRODUCTS_DIR; };
		A3BD5E982318F76200F18D3D /* DDZCJUITests.m */ = {isa = PBXFileReference; lastKnownFileType = sourcecode.c.objc; path = DDZCJUITests.m; sourceTree = "<group>"; };
		A3BD5E9A2318F76200F18D3D /* Info.plist */ = {isa = PBXFileReference; lastKnownFileType = text.plist.xml; path = Info.plist; sourceTree = "<group>"; };
		A3BD5EA62318F7A600F18D3D /* LongPokerCardTool.h */ = {isa = PBXFileReference; fileEncoding = 4; lastKnownFileType = sourcecode.c.h; path = LongPokerCardTool.h; sourceTree = "<group>"; };
		A3BD5EA72318F7A600F18D3D /* LongPokerCardTool.m */ = {isa = PBXFileReference; fileEncoding = 4; lastKnownFileType = sourcecode.c.objc; path = LongPokerCardTool.m; sourceTree = "<group>"; };
		A3BD5EA82318F7A600F18D3D /* LongCardModel.h */ = {isa = PBXFileReference; fileEncoding = 4; lastKnownFileType = sourcecode.c.h; path = LongCardModel.h; sourceTree = "<group>"; };
		A3BD5EA92318F7A700F18D3D /* LongCardModel.m */ = {isa = PBXFileReference; fileEncoding = 4; lastKnownFileType = sourcecode.c.objc; path = LongCardModel.m; sourceTree = "<group>"; };
		A3BD5EAC2318F7C000F18D3D /* LongFirstViewController.h */ = {isa = PBXFileReference; fileEncoding = 4; lastKnownFileType = sourcecode.c.h; path = LongFirstViewController.h; sourceTree = "<group>"; };
		A3BD5EAD2318F7C000F18D3D /* LongFirstViewController.m */ = {isa = PBXFileReference; fileEncoding = 4; lastKnownFileType = sourcecode.c.objc; path = LongFirstViewController.m; sourceTree = "<group>"; };
		A3BD5EAF2318F85000F18D3D /* LongDDZScene.m */ = {isa = PBXFileReference; fileEncoding = 4; lastKnownFileType = sourcecode.c.objc; path = LongDDZScene.m; sourceTree = "<group>"; };
		A3BD5EB02318F85000F18D3D /* LongDDZScene.h */ = {isa = PBXFileReference; fileEncoding = 4; lastKnownFileType = sourcecode.c.h; path = LongDDZScene.h; sourceTree = "<group>"; };
		A3BD5EB82319213F00F18D3D /* PrefixHeader.pch */ = {isa = PBXFileReference; lastKnownFileType = sourcecode.c.h; path = PrefixHeader.pch; sourceTree = "<group>"; };
		A3F8535B2330701A003F8DF4 /* DDZJieSuanView.h */ = {isa = PBXFileReference; lastKnownFileType = sourcecode.c.h; path = DDZJieSuanView.h; sourceTree = "<group>"; };
		A3F8535C2330701A003F8DF4 /* DDZJieSuanView.m */ = {isa = PBXFileReference; lastKnownFileType = sourcecode.c.objc; path = DDZJieSuanView.m; sourceTree = "<group>"; };
		A3F853602331BEDD003F8DF4 /* DDZBackgroundMusic.h */ = {isa = PBXFileReference; lastKnownFileType = sourcecode.c.h; path = DDZBackgroundMusic.h; sourceTree = "<group>"; };
		A3F853612331BEDD003F8DF4 /* DDZBackgroundMusic.m */ = {isa = PBXFileReference; lastKnownFileType = sourcecode.c.objc; path = DDZBackgroundMusic.m; sourceTree = "<group>"; };
		A3F8537B2334B60A003F8DF4 /* game_danzhang.caf */ = {isa = PBXFileReference; lastKnownFileType = file; path = game_danzhang.caf; sourceTree = "<group>"; };
		A3F8537C2334B60A003F8DF4 /* game_buyao.caf */ = {isa = PBXFileReference; lastKnownFileType = file; path = game_buyao.caf; sourceTree = "<group>"; };
		A3F8537D2334B60A003F8DF4 /* game_fail.caf */ = {isa = PBXFileReference; lastKnownFileType = file; path = game_fail.caf; sourceTree = "<group>"; };
		A3F8537F2334B60A003F8DF4 /* game_choiceCard.caf */ = {isa = PBXFileReference; lastKnownFileType = file; path = game_choiceCard.caf; sourceTree = "<group>"; };
		A3F853802334B60D003F8DF4 /* game_backgroundMusic.caf */ = {isa = PBXFileReference; lastKnownFileType = file; path = game_backgroundMusic.caf; sourceTree = "<group>"; };
		A3F853812334B60D003F8DF4 /* game_click.caf */ = {isa = PBXFileReference; lastKnownFileType = file; path = game_click.caf; sourceTree = "<group>"; };
		A3F853822334B60D003F8DF4 /* game_duozhang.caf */ = {isa = PBXFileReference; lastKnownFileType = file; path = game_duozhang.caf; sourceTree = "<group>"; };
		A3F853832334B60D003F8DF4 /* game_succeed.caf */ = {isa = PBXFileReference; lastKnownFileType = file; path = game_succeed.caf; sourceTree = "<group>"; };
		A3F853842334B60D003F8DF4 /* lobby_bgMusic.caf */ = {isa = PBXFileReference; lastKnownFileType = file; path = lobby_bgMusic.caf; sourceTree = "<group>"; };
		A667DAECC4764E439E009D87 /* Pods-DDZCJ.release.xcconfig */ = {isa = PBXFileReference; includeInIndex = 1; lastKnownFileType = text.xcconfig; name = "Pods-DDZCJ.release.xcconfig"; path = "Target Support Files/Pods-DDZCJ/Pods-DDZCJ.release.xcconfig"; sourceTree = "<group>"; };
		CC747D1B733B0D2C58B30625 /* Pods-DDZCJTests.debug.xcconfig */ = {isa = PBXFileReference; includeInIndex = 1; lastKnownFileType = text.xcconfig; name = "Pods-DDZCJTests.debug.xcconfig"; path = "Target Support Files/Pods-DDZCJTests/Pods-DDZCJTests.debug.xcconfig"; sourceTree = "<group>"; };
		FB0B5D9B83FA1AFA1D9C5C7A /* Pods-DDZCJUITests.release.xcconfig */ = {isa = PBXFileReference; includeInIndex = 1; lastKnownFileType = text.xcconfig; name = "Pods-DDZCJUITests.release.xcconfig"; path = "Target Support Files/Pods-DDZCJUITests/Pods-DDZCJUITests.release.xcconfig"; sourceTree = "<group>"; };
/* End PBXFileReference section */

/* Begin PBXFrameworksBuildPhase section */
		A3BD5E672318F76100F18D3D /* Frameworks */ = {
			isa = PBXFrameworksBuildPhase;
			buildActionMask = 2147483647;
			files = (
				3F9A85DE1252CAD1A2F0AAD5 /* Pods_DDZCJ.framework in Frameworks */,
			);
			runOnlyForDeploymentPostprocessing = 0;
		};
		A3BD5E862318F76200F18D3D /* Frameworks */ = {
			isa = PBXFrameworksBuildPhase;
			buildActionMask = 2147483647;
			files = (
				65ACDC88B388575850819082 /* Pods_DDZCJTests.framework in Frameworks */,
			);
			runOnlyForDeploymentPostprocessing = 0;
		};
		A3BD5E912318F76200F18D3D /* Frameworks */ = {
			isa = PBXFrameworksBuildPhase;
			buildActionMask = 2147483647;
			files = (
				B6795EDF2120BE6D5B94E0D5 /* Pods_DDZCJUITests.framework in Frameworks */,
			);
			runOnlyForDeploymentPostprocessing = 0;
		};
/* End PBXFrameworksBuildPhase section */

/* Begin PBXGroup section */
		0C40B11A2328E9F30032F0FC /* DDZExtension */ = {
			isa = PBXGroup;
			children = (
				0C40B11C2328EA490032F0FC /* UILabel+Extension.h */,
				0C40B11D2328EA490032F0FC /* UILabel+Extension.m */,
				0C40B1262329EA020032F0FC /* UITextView+Placeholder.h */,
				0C40B1252329EA020032F0FC /* UITextView+Placeholder.m */,
				0C40B0E823265C7D0032F0FC /* PlotAnimationObject.h */,
				0C40B0E923265C7D0032F0FC /* PlotAnimationObject.m */,
				0C40B0EB2327797D0032F0FC /* PlotProgressView.h */,
				0C40B0EC2327797D0032F0FC /* PlotProgressView.m */,
				0C40B0F2232799540032F0FC /* PlotImgVButton.h */,
				0C40B0F3232799540032F0FC /* PlotImgVButton.m */,
				0CA49B7E232B4207002CADD0 /* MapGradeButton.h */,
				0CA49B7F232B4207002CADD0 /* MapGradeButton.m */,
				0C0ECB9B232F6A930098E47A /* MBProgressHUD+PD.h */,
				0C0ECB9C232F6A930098E47A /* MBProgressHUD+PD.m */,
				0C117BEF23324610008B9282 /* FixButton.h */,
				0C117BF023324610008B9282 /* FixButton.m */,
				0CF8B90A23339912007185D3 /* PlotAn.h */,
				0CF8B90B23339912007185D3 /* PlotAn.m */,
			);
			path = DDZExtension;
			sourceTree = "<group>";
		};
		70308131D5BAF0E64BFEF1F2 /* Pods */ = {
			isa = PBXGroup;
			children = (
				3F552306B5BAC95A8AE4C6A7 /* Pods-DDZCJ.debug.xcconfig */,
				A667DAECC4764E439E009D87 /* Pods-DDZCJ.release.xcconfig */,
				CC747D1B733B0D2C58B30625 /* Pods-DDZCJTests.debug.xcconfig */,
				7BBB5F064816F293C9413E47 /* Pods-DDZCJTests.release.xcconfig */,
				30272250FBFF0FC984358BBD /* Pods-DDZCJUITests.debug.xcconfig */,
				FB0B5D9B83FA1AFA1D9C5C7A /* Pods-DDZCJUITests.release.xcconfig */,
			);
			path = Pods;
			sourceTree = "<group>";
		};
		A304C64523265423002B9EF1 /* DDZGame */ = {
			isa = PBXGroup;
			children = (
				A304C64923265669002B9EF1 /* Controller */,
				A304C64B232656BE002B9EF1 /* View */,
				A304C64A232656A2002B9EF1 /* Model */,
			);
			path = DDZGame;
			sourceTree = "<group>";
		};
		A304C6462326542B002B9EF1 /* DDZResource */ = {
			isa = PBXGroup;
			children = (
				A3F853782333BBEE003F8DF4 /* DDZMusic */,
				A378DC0A231E422700B92040 /* PaiXingProperty.plist */,
			);
			path = DDZResource;
			sourceTree = "<group>";
		};
		A304C64823265432002B9EF1 /* DDZTool */ = {
			isa = PBXGroup;
			children = (
				0C40B0EE23277A510032F0FC /* DDZColorHelper.h */,
				0C0ECB84232F37B70098E47A /* DDZKeyHelper.h */,
				A3BD5EA62318F7A600F18D3D /* LongPokerCardTool.h */,
				A3BD5EA72318F7A600F18D3D /* LongPokerCardTool.m */,
				0C0BC0BD23306A8F001AE548 /* DDPopupGameSet.h */,
				0C0BC0BE23306A8F001AE548 /* DDPopupGameSet.m */,
				A3F853602331BEDD003F8DF4 /* DDZBackgroundMusic.h */,
				A3F853612331BEDD003F8DF4 /* DDZBackgroundMusic.m */,
				0C0BC0CE23307F27001AE548 /* DDZZYYJsonParseTools.h */,
				0C0BC0CF23307F27001AE548 /* DDZZYYJsonParseTools.m */,
				0C0BC10823311E79001AE548 /* MusicPlayObj.h */,
				0C0BC10923311E79001AE548 /* MusicPlayObj.m */,
				0C0BC10B23320807001AE548 /* DDZPayManager.h */,
				0C0BC10C23320807001AE548 /* DDZPayManager.m */,
				0C117BEC23321348008B9282 /* DDZUpdateView.h */,
				0C117BED23321348008B9282 /* DDZUpdateView.m */,
			);
			path = DDZTool;
			sourceTree = "<group>";
		};
		A304C64923265669002B9EF1 /* Controller */ = {
			isa = PBXGroup;
			children = (
				A3BD5EAC2318F7C000F18D3D /* LongFirstViewController.h */,
				A3BD5EAD2318F7C000F18D3D /* LongFirstViewController.m */,
				0C40B0F72327CDA80032F0FC /* DDHomeController.h */,
				0C40B0F82327CDA80032F0FC /* DDHomeController.m */,
				0CA49B7B232A2D77002CADD0 /* DDMapController.h */,
				0CA49B7C232A2D77002CADD0 /* DDMapController.m */,
				A3BD5E772318F76100F18D3D /* GameViewController.h */,
				A3BD5E782318F76100F18D3D /* GameViewController.m */,
				A3BD5EB02318F85000F18D3D /* LongDDZScene.h */,
				A3BD5EAF2318F85000F18D3D /* LongDDZScene.m */,
				0CF8B95C2334D18B007185D3 /* ProtocolController.h */,
				0CF8B95D2334D18B007185D3 /* ProtocolController.m */,
			);
			path = Controller;
			sourceTree = "<group>";
		};
		A304C64A232656A2002B9EF1 /* Model */ = {
			isa = PBXGroup;
			children = (
				0CA49B85232CA297002CADD0 /* DDZMapModel.h */,
				0CA49B86232CA297002CADD0 /* DDZMapModel.m */,
				A3BD5EA82318F7A600F18D3D /* LongCardModel.h */,
				A3BD5EA92318F7A700F18D3D /* LongCardModel.m */,
			);
			path = Model;
			sourceTree = "<group>";
		};
		A304C64B232656BE002B9EF1 /* View */ = {
			isa = PBXGroup;
			children = (
				0C40B0EF23278A610032F0FC /* PlotTakeView.h */,
				0C40B0F023278A610032F0FC /* PlotTakeView.m */,
				0C40B122232925B40032F0FC /* DDPopupView.h */,
				0C40B123232925B40032F0FC /* DDPopupView.m */,
				A3F8535B2330701A003F8DF4 /* DDZJieSuanView.h */,
				A3F8535C2330701A003F8DF4 /* DDZJieSuanView.m */,
			);
			path = View;
			sourceTree = "<group>";
		};
		A3BD5E612318F76100F18D3D = {
			isa = PBXGroup;
			children = (
				A3BD5E6C2318F76100F18D3D /* DDZCJ */,
				A3BD5E8C2318F76200F18D3D /* DDZCJTests */,
				A3BD5E972318F76200F18D3D /* DDZCJUITests */,
				A3BD5E6B2318F76100F18D3D /* Products */,
				70308131D5BAF0E64BFEF1F2 /* Pods */,
				E028C820198D68E42FC7F180 /* Frameworks */,
			);
			sourceTree = "<group>";
		};
		A3BD5E6B2318F76100F18D3D /* Products */ = {
			isa = PBXGroup;
			children = (
				A3BD5E6A2318F76100F18D3D /* DDZCJ.app */,
				A3BD5E892318F76200F18D3D /* DDZCJTests.xctest */,
				A3BD5E942318F76200F18D3D /* DDZCJUITests.xctest */,
			);
			name = Products;
			sourceTree = "<group>";
		};
		A3BD5E6C2318F76100F18D3D /* DDZCJ */ = {
			isa = PBXGroup;
			children = (
				0C0BC1052330C543001AE548 /* DDZCJ.entitlements */,
				0C40B11A2328E9F30032F0FC /* DDZExtension */,
				A304C64823265432002B9EF1 /* DDZTool */,
				A304C6462326542B002B9EF1 /* DDZResource */,
				A304C64523265423002B9EF1 /* DDZGame */,
				A3BD5E6D2318F76100F18D3D /* AppDelegate.h */,
				A3BD5E6E2318F76100F18D3D /* AppDelegate.m */,
				A3BD5EB82319213F00F18D3D /* PrefixHeader.pch */,
				0CF8B90823335FC0007185D3 /* 方正粗圆繁体.ttf */,
				0C40B1162328D55E0032F0FC /* 方正准圆繁体.TTF */,
				0C40B1182328D9B20032F0FC /* PingFang Heavy.ttf */,
				A3BD5E7A2318F76100F18D3D /* Main.storyboard */,
				A3BD5E7D2318F76200F18D3D /* Assets.xcassets */,
				A3BD5E7F2318F76200F18D3D /* LaunchScreen.storyboard */,
				A3BD5E822318F76200F18D3D /* Info.plist */,
				A3BD5E832318F76200F18D3D /* main.m */,
			);
			path = DDZCJ;
			sourceTree = "<group>";
		};
		A3BD5E8C2318F76200F18D3D /* DDZCJTests */ = {
			isa = PBXGroup;
			children = (
				A3BD5E8D2318F76200F18D3D /* DDZCJTests.m */,
				A3BD5E8F2318F76200F18D3D /* Info.plist */,
			);
			path = DDZCJTests;
			sourceTree = "<group>";
		};
		A3BD5E972318F76200F18D3D /* DDZCJUITests */ = {
			isa = PBXGroup;
			children = (
				A3BD5E982318F76200F18D3D /* DDZCJUITests.m */,
				A3BD5E9A2318F76200F18D3D /* Info.plist */,
			);
			path = DDZCJUITests;
			sourceTree = "<group>";
		};
		A3F853782333BBEE003F8DF4 /* DDZMusic */ = {
			isa = PBXGroup;
			children = (
				A3F853802334B60D003F8DF4 /* game_backgroundMusic.caf */,
				A3F8537C2334B60A003F8DF4 /* game_buyao.caf */,
				A3F8537F2334B60A003F8DF4 /* game_choiceCard.caf */,
				A3F853812334B60D003F8DF4 /* game_click.caf */,
				A3F8537B2334B60A003F8DF4 /* game_danzhang.caf */,
				A3F853822334B60D003F8DF4 /* game_duozhang.caf */,
				A3F8537D2334B60A003F8DF4 /* game_fail.caf */,
				A3F853832334B60D003F8DF4 /* game_succeed.caf */,
				A3F853842334B60D003F8DF4 /* lobby_bgMusic.caf */,
			);
			path = DDZMusic;
			sourceTree = "<group>";
		};
		E028C820198D68E42FC7F180 /* Frameworks */ = {
			isa = PBXGroup;
			children = (
				320F0C62FD9C2832C69052DA /* Pods_DDZCJ.framework */,
				5CFD03C67E0B1424215688A4 /* Pods_DDZCJTests.framework */,
				9A2BE82F11A9A5F935EE955B /* Pods_DDZCJUITests.framework */,
			);
			name = Frameworks;
			sourceTree = "<group>";
		};
/* End PBXGroup section */

/* Begin PBXNativeTarget section */
		A3BD5E692318F76100F18D3D /* DDZCJ */ = {
			isa = PBXNativeTarget;
			buildConfigurationList = A3BD5E9D2318F76200F18D3D /* Build configuration list for PBXNativeTarget "DDZCJ" */;
			buildPhases = (
				C07938AAE40CB7614603FFAB /* [CP] Check Pods Manifest.lock */,
				A3BD5E662318F76100F18D3D /* Sources */,
				A3BD5E672318F76100F18D3D /* Frameworks */,
				A3BD5E682318F76100F18D3D /* Resources */,
				5F64BB1634C2DA8EA19EC687 /* [CP] Embed Pods Frameworks */,
			);
			buildRules = (
			);
			dependencies = (
			);
			name = DDZCJ;
			productName = DDZCJ;
			productReference = A3BD5E6A2318F76100F18D3D /* DDZCJ.app */;
			productType = "com.apple.product-type.application";
		};
		A3BD5E882318F76200F18D3D /* DDZCJTests */ = {
			isa = PBXNativeTarget;
			buildConfigurationList = A3BD5EA02318F76200F18D3D /* Build configuration list for PBXNativeTarget "DDZCJTests" */;
			buildPhases = (
				FD0CDFAAE9D7688980E0D555 /* [CP] Check Pods Manifest.lock */,
				A3BD5E852318F76200F18D3D /* Sources */,
				A3BD5E862318F76200F18D3D /* Frameworks */,
				A3BD5E872318F76200F18D3D /* Resources */,
			);
			buildRules = (
			);
			dependencies = (
				A3BD5E8B2318F76200F18D3D /* PBXTargetDependency */,
			);
			name = DDZCJTests;
			productName = DDZCJTests;
			productReference = A3BD5E892318F76200F18D3D /* DDZCJTests.xctest */;
			productType = "com.apple.product-type.bundle.unit-test";
		};
		A3BD5E932318F76200F18D3D /* DDZCJUITests */ = {
			isa = PBXNativeTarget;
			buildConfigurationList = A3BD5EA32318F76200F18D3D /* Build configuration list for PBXNativeTarget "DDZCJUITests" */;
			buildPhases = (
				E647F4D262E77A99F2916437 /* [CP] Check Pods Manifest.lock */,
				A3BD5E902318F76200F18D3D /* Sources */,
				A3BD5E912318F76200F18D3D /* Frameworks */,
				A3BD5E922318F76200F18D3D /* Resources */,
			);
			buildRules = (
			);
			dependencies = (
				A3BD5E962318F76200F18D3D /* PBXTargetDependency */,
			);
			name = DDZCJUITests;
			productName = DDZCJUITests;
			productReference = A3BD5E942318F76200F18D3D /* DDZCJUITests.xctest */;
			productType = "com.apple.product-type.bundle.ui-testing";
		};
/* End PBXNativeTarget section */

/* Begin PBXProject section */
		A3BD5E622318F76100F18D3D /* Project object */ = {
			isa = PBXProject;
			attributes = {
				LastUpgradeCheck = 1030;
				ORGANIZATIONNAME = df;
				TargetAttributes = {
					A3BD5E692318F76100F18D3D = {
						CreatedOnToolsVersion = 10.3;
						SystemCapabilities = {
							com.apple.ApplePay = {
								enabled = 0;
							};
						};
					};
					A3BD5E882318F76200F18D3D = {
						CreatedOnToolsVersion = 10.3;
						TestTargetID = A3BD5E692318F76100F18D3D;
					};
					A3BD5E932318F76200F18D3D = {
						CreatedOnToolsVersion = 10.3;
						TestTargetID = A3BD5E692318F76100F18D3D;
					};
				};
			};
			buildConfigurationList = A3BD5E652318F76100F18D3D /* Build configuration list for PBXProject "DDZCJ" */;
			compatibilityVersion = "Xcode 9.3";
			developmentRegion = en;
			hasScannedForEncodings = 0;
			knownRegions = (
				en,
				Base,
			);
			mainGroup = A3BD5E612318F76100F18D3D;
			productRefGroup = A3BD5E6B2318F76100F18D3D /* Products */;
			projectDirPath = "";
			projectRoot = "";
			targets = (
				A3BD5E692318F76100F18D3D /* DDZCJ */,
				A3BD5E882318F76200F18D3D /* DDZCJTests */,
				A3BD5E932318F76200F18D3D /* DDZCJUITests */,
			);
		};
/* End PBXProject section */

/* Begin PBXResourcesBuildPhase section */
		A3BD5E682318F76100F18D3D /* Resources */ = {
			isa = PBXResourcesBuildPhase;
			buildActionMask = 2147483647;
			files = (
				0C40B1172328D55E0032F0FC /* 方正准圆繁体.TTF in Resources */,
				A3F853892334B60D003F8DF4 /* game_choiceCard.caf in Resources */,
				0C40B1192328D9B20032F0FC /* PingFang Heavy.ttf in Resources */,
				A378DC0B231E422800B92040 /* PaiXingProperty.plist in Resources */,
				A3BD5E7C2318F76100F18D3D /* Main.storyboard in Resources */,
				A3BD5E7E2318F76200F18D3D /* Assets.xcassets in Resources */,
				A3F853852334B60D003F8DF4 /* game_danzhang.caf in Resources */,
				A3F8538A2334B60D003F8DF4 /* game_backgroundMusic.caf in Resources */,
				A3F8538C2334B60D003F8DF4 /* game_duozhang.caf in Resources */,
				A3F853872334B60D003F8DF4 /* game_fail.caf in Resources */,
				0CF8B90923335FC1007185D3 /* 方正粗圆繁体.ttf in Resources */,
				A3BD5E812318F76200F18D3D /* LaunchScreen.storyboard in Resources */,
				A3F8538D2334B60D003F8DF4 /* game_succeed.caf in Resources */,
				A3F8538E2334B60D003F8DF4 /* lobby_bgMusic.caf in Resources */,
				A3F853862334B60D003F8DF4 /* game_buyao.caf in Resources */,
				A3F8538B2334B60D003F8DF4 /* game_click.caf in Resources */,
			);
			runOnlyForDeploymentPostprocessing = 0;
		};
		A3BD5E872318F76200F18D3D /* Resources */ = {
			isa = PBXResourcesBuildPhase;
			buildActionMask = 2147483647;
			files = (
			);
			runOnlyForDeploymentPostprocessing = 0;
		};
		A3BD5E922318F76200F18D3D /* Resources */ = {
			isa = PBXResourcesBuildPhase;
			buildActionMask = 2147483647;
			files = (
			);
			runOnlyForDeploymentPostprocessing = 0;
		};
/* End PBXResourcesBuildPhase section */

/* Begin PBXShellScriptBuildPhase section */
		5F64BB1634C2DA8EA19EC687 /* [CP] Embed Pods Frameworks */ = {
			isa = PBXShellScriptBuildPhase;
			buildActionMask = 2147483647;
			files = (
			);
			inputFileListPaths = (
				"${PODS_ROOT}/Target Support Files/Pods-DDZCJ/Pods-DDZCJ-frameworks-${CONFIGURATION}-input-files.xcfilelist",
			);
			name = "[CP] Embed Pods Frameworks";
			outputFileListPaths = (
				"${PODS_ROOT}/Target Support Files/Pods-DDZCJ/Pods-DDZCJ-frameworks-${CONFIGURATION}-output-files.xcfilelist",
			);
			runOnlyForDeploymentPostprocessing = 0;
			shellPath = /bin/sh;
			shellScript = "\"${PODS_ROOT}/Target Support Files/Pods-DDZCJ/Pods-DDZCJ-frameworks.sh\"\n";
			showEnvVarsInLog = 0;
		};
		C07938AAE40CB7614603FFAB /* [CP] Check Pods Manifest.lock */ = {
			isa = PBXShellScriptBuildPhase;
			buildActionMask = 2147483647;
			files = (
			);
			inputFileListPaths = (
			);
			inputPaths = (
				"${PODS_PODFILE_DIR_PATH}/Podfile.lock",
				"${PODS_ROOT}/Manifest.lock",
			);
			name = "[CP] Check Pods Manifest.lock";
			outputFileListPaths = (
			);
			outputPaths = (
				"$(DERIVED_FILE_DIR)/Pods-DDZCJ-checkManifestLockResult.txt",
			);
			runOnlyForDeploymentPostprocessing = 0;
			shellPath = /bin/sh;
			shellScript = "diff \"${PODS_PODFILE_DIR_PATH}/Podfile.lock\" \"${PODS_ROOT}/Manifest.lock\" > /dev/null\nif [ $? != 0 ] ; then\n    # print error to STDERR\n    echo \"error: The sandbox is not in sync with the Podfile.lock. Run 'pod install' or update your CocoaPods installation.\" >&2\n    exit 1\nfi\n# This output is used by Xcode 'outputs' to avoid re-running this script phase.\necho \"SUCCESS\" > \"${SCRIPT_OUTPUT_FILE_0}\"\n";
			showEnvVarsInLog = 0;
		};
		E647F4D262E77A99F2916437 /* [CP] Check Pods Manifest.lock */ = {
			isa = PBXShellScriptBuildPhase;
			buildActionMask = 2147483647;
			files = (
			);
			inputFileListPaths = (
			);
			inputPaths = (
				"${PODS_PODFILE_DIR_PATH}/Podfile.lock",
				"${PODS_ROOT}/Manifest.lock",
			);
			name = "[CP] Check Pods Manifest.lock";
			outputFileListPaths = (
			);
			outputPaths = (
				"$(DERIVED_FILE_DIR)/Pods-DDZCJUITests-checkManifestLockResult.txt",
			);
			runOnlyForDeploymentPostprocessing = 0;
			shellPath = /bin/sh;
			shellScript = "diff \"${PODS_PODFILE_DIR_PATH}/Podfile.lock\" \"${PODS_ROOT}/Manifest.lock\" > /dev/null\nif [ $? != 0 ] ; then\n    # print error to STDERR\n    echo \"error: The sandbox is not in sync with the Podfile.lock. Run 'pod install' or update your CocoaPods installation.\" >&2\n    exit 1\nfi\n# This output is used by Xcode 'outputs' to avoid re-running this script phase.\necho \"SUCCESS\" > \"${SCRIPT_OUTPUT_FILE_0}\"\n";
			showEnvVarsInLog = 0;
		};
		FD0CDFAAE9D7688980E0D555 /* [CP] Check Pods Manifest.lock */ = {
			isa = PBXShellScriptBuildPhase;
			buildActionMask = 2147483647;
			files = (
			);
			inputFileListPaths = (
			);
			inputPaths = (
				"${PODS_PODFILE_DIR_PATH}/Podfile.lock",
				"${PODS_ROOT}/Manifest.lock",
			);
			name = "[CP] Check Pods Manifest.lock";
			outputFileListPaths = (
			);
			outputPaths = (
				"$(DERIVED_FILE_DIR)/Pods-DDZCJTests-checkManifestLockResult.txt",
			);
			runOnlyForDeploymentPostprocessing = 0;
			shellPath = /bin/sh;
			shellScript = "diff \"${PODS_PODFILE_DIR_PATH}/Podfile.lock\" \"${PODS_ROOT}/Manifest.lock\" > /dev/null\nif [ $? != 0 ] ; then\n    # print error to STDERR\n    echo \"error: The sandbox is not in sync with the Podfile.lock. Run 'pod install' or update your CocoaPods installation.\" >&2\n    exit 1\nfi\n# This output is used by Xcode 'outputs' to avoid re-running this script phase.\necho \"SUCCESS\" > \"${SCRIPT_OUTPUT_FILE_0}\"\n";
			showEnvVarsInLog = 0;
		};
/* End PBXShellScriptBuildPhase section */

/* Begin PBXSourcesBuildPhase section */
		A3BD5E662318F76100F18D3D /* Sources */ = {
			isa = PBXSourcesBuildPhase;
			buildActionMask = 2147483647;
			files = (
				0C117BF123324610008B9282 /* FixButton.m in Sources */,
				0C0BC0D023307F27001AE548 /* DDZZYYJsonParseTools.m in Sources */,
				A3BD5EB12318F85100F18D3D /* LongDDZScene.m in Sources */,
				0CA49B80232B4207002CADD0 /* MapGradeButton.m in Sources */,
				0C0BC0BF23306A8F001AE548 /* DDPopupGameSet.m in Sources */,
				0C40B11E2328EA490032F0FC /* UILabel+Extension.m in Sources */,
				0C117BEE23321348008B9282 /* DDZUpdateView.m in Sources */,
				0CF8B95E2334D18B007185D3 /* ProtocolController.m in Sources */,
				0CA49B87232CA297002CADD0 /* DDZMapModel.m in Sources */,
				A3BD5E792318F76100F18D3D /* GameViewController.m in Sources */,
				0C0ECB9D232F6A930098E47A /* MBProgressHUD+PD.m in Sources */,
				0C40B124232925B40032F0FC /* DDPopupView.m in Sources */,
				A3BD5E842318F76200F18D3D /* main.m in Sources */,
				A3BD5EAA2318F7A700F18D3D /* LongPokerCardTool.m in Sources */,
				A3F853622331BEDD003F8DF4 /* DDZBackgroundMusic.m in Sources */,
				0C0BC10A23311E79001AE548 /* MusicPlayObj.m in Sources */,
				0C40B0F123278A610032F0FC /* PlotTakeView.m in Sources */,
				A3BD5E6F2318F76100F18D3D /* AppDelegate.m in Sources */,
				0C40B0ED2327797D0032F0FC /* PlotProgressView.m in Sources */,
				0C0BC10D23320807001AE548 /* DDZPayManager.m in Sources */,
				A3BD5EAE2318F7C000F18D3D /* LongFirstViewController.m in Sources */,
				0C40B0F92327CDA80032F0FC /* DDHomeController.m in Sources */,
				0CF8B90C23339912007185D3 /* PlotAn.m in Sources */,
				0C40B0F4232799540032F0FC /* PlotImgVButton.m in Sources */,
				0CA49B7D232A2D77002CADD0 /* DDMapController.m in Sources */,
				0C40B0EA23265C7D0032F0FC /* PlotAnimationObject.m in Sources */,
				A3F8535D2330701B003F8DF4 /* DDZJieSuanView.m in Sources */,
				A3BD5EAB2318F7A700F18D3D /* LongCardModel.m in Sources */,
				0C40B1272329EA020032F0FC /* UITextView+Placeholder.m in Sources */,
			);
			runOnlyForDeploymentPostprocessing = 0;
		};
		A3BD5E852318F76200F18D3D /* Sources */ = {
			isa = PBXSourcesBuildPhase;
			buildActionMask = 2147483647;
			files = (
				A3BD5E8E2318F76200F18D3D /* DDZCJTests.m in Sources */,
			);
			runOnlyForDeploymentPostprocessing = 0;
		};
		A3BD5E902318F76200F18D3D /* Sources */ = {
			isa = PBXSourcesBuildPhase;
			buildActionMask = 2147483647;
			files = (
				A3BD5E992318F76200F18D3D /* DDZCJUITests.m in Sources */,
			);
			runOnlyForDeploymentPostprocessing = 0;
		};
/* End PBXSourcesBuildPhase section */

/* Begin PBXTargetDependency section */
		A3BD5E8B2318F76200F18D3D /* PBXTargetDependency */ = {
			isa = PBXTargetDependency;
			target = A3BD5E692318F76100F18D3D /* DDZCJ */;
			targetProxy = A3BD5E8A2318F76200F18D3D /* PBXContainerItemProxy */;
		};
		A3BD5E962318F76200F18D3D /* PBXTargetDependency */ = {
			isa = PBXTargetDependency;
			target = A3BD5E692318F76100F18D3D /* DDZCJ */;
			targetProxy = A3BD5E952318F76200F18D3D /* PBXContainerItemProxy */;
		};
/* End PBXTargetDependency section */

/* Begin PBXVariantGroup section */
		A3BD5E7A2318F76100F18D3D /* Main.storyboard */ = {
			isa = PBXVariantGroup;
			children = (
				A3BD5E7B2318F76100F18D3D /* Base */,
			);
			name = Main.storyboard;
			sourceTree = "<group>";
		};
		A3BD5E7F2318F76200F18D3D /* LaunchScreen.storyboard */ = {
			isa = PBXVariantGroup;
			children = (
				A3BD5E802318F76200F18D3D /* Base */,
			);
			name = LaunchScreen.storyboard;
			sourceTree = "<group>";
		};
/* End PBXVariantGroup section */

/* Begin XCBuildConfiguration section */
		A3BD5E9B2318F76200F18D3D /* Debug */ = {
			isa = XCBuildConfiguration;
			buildSettings = {
				ALWAYS_SEARCH_USER_PATHS = NO;
				CLANG_ANALYZER_NONNULL = YES;
				CLANG_ANALYZER_NUMBER_OBJECT_CONVERSION = YES_AGGRESSIVE;
				CLANG_CXX_LANGUAGE_STANDARD = "gnu++14";
				CLANG_CXX_LIBRARY = "libc++";
				CLANG_ENABLE_MODULES = YES;
				CLANG_ENABLE_OBJC_ARC = YES;
				CLANG_ENABLE_OBJC_WEAK = YES;
				CLANG_WARN_BLOCK_CAPTURE_AUTORELEASING = YES;
				CLANG_WARN_BOOL_CONVERSION = YES;
				CLANG_WARN_COMMA = YES;
				CLANG_WARN_CONSTANT_CONVERSION = YES;
				CLANG_WARN_DEPRECATED_OBJC_IMPLEMENTATIONS = YES;
				CLANG_WARN_DIRECT_OBJC_ISA_USAGE = YES_ERROR;
				CLANG_WARN_DOCUMENTATION_COMMENTS = YES;
				CLANG_WARN_EMPTY_BODY = YES;
				CLANG_WARN_ENUM_CONVERSION = YES;
				CLANG_WARN_INFINITE_RECURSION = YES;
				CLANG_WARN_INT_CONVERSION = YES;
				CLANG_WARN_NON_LITERAL_NULL_CONVERSION = YES;
				CLANG_WARN_OBJC_IMPLICIT_RETAIN_SELF = YES;
				CLANG_WARN_OBJC_LITERAL_CONVERSION = YES;
				CLANG_WARN_OBJC_ROOT_CLASS = YES_ERROR;
				CLANG_WARN_RANGE_LOOP_ANALYSIS = YES;
				CLANG_WARN_STRICT_PROTOTYPES = YES;
				CLANG_WARN_SUSPICIOUS_MOVE = YES;
				CLANG_WARN_UNGUARDED_AVAILABILITY = YES_AGGRESSIVE;
				CLANG_WARN_UNREACHABLE_CODE = YES;
				CLANG_WARN__DUPLICATE_METHOD_MATCH = YES;
				CODE_SIGN_IDENTITY = "iPhone Developer";
				COPY_PHASE_STRIP = NO;
				DEBUG_INFORMATION_FORMAT = dwarf;
				ENABLE_STRICT_OBJC_MSGSEND = YES;
				ENABLE_TESTABILITY = YES;
				GCC_C_LANGUAGE_STANDARD = gnu11;
				GCC_DYNAMIC_NO_PIC = NO;
				GCC_NO_COMMON_BLOCKS = YES;
				GCC_OPTIMIZATION_LEVEL = 0;
				GCC_PREPROCESSOR_DEFINITIONS = (
					"DEBUG=1",
					"$(inherited)",
				);
				GCC_WARN_64_TO_32_BIT_CONVERSION = YES;
				GCC_WARN_ABOUT_RETURN_TYPE = YES_ERROR;
				GCC_WARN_UNDECLARED_SELECTOR = YES;
				GCC_WARN_UNINITIALIZED_AUTOS = YES_AGGRESSIVE;
				GCC_WARN_UNUSED_FUNCTION = YES;
				GCC_WARN_UNUSED_VARIABLE = YES;
				IPHONEOS_DEPLOYMENT_TARGET = 12.4;
				MTL_ENABLE_DEBUG_INFO = INCLUDE_SOURCE;
				MTL_FAST_MATH = YES;
				ONLY_ACTIVE_ARCH = YES;
				SDKROOT = iphoneos;
			};
			name = Debug;
		};
		A3BD5E9C2318F76200F18D3D /* Release */ = {
			isa = XCBuildConfiguration;
			buildSettings = {
				ALWAYS_SEARCH_USER_PATHS = NO;
				CLANG_ANALYZER_NONNULL = YES;
				CLANG_ANALYZER_NUMBER_OBJECT_CONVERSION = YES_AGGRESSIVE;
				CLANG_CXX_LANGUAGE_STANDARD = "gnu++14";
				CLANG_CXX_LIBRARY = "libc++";
				CLANG_ENABLE_MODULES = YES;
				CLANG_ENABLE_OBJC_ARC = YES;
				CLANG_ENABLE_OBJC_WEAK = YES;
				CLANG_WARN_BLOCK_CAPTURE_AUTORELEASING = YES;
				CLANG_WARN_BOOL_CONVERSION = YES;
				CLANG_WARN_COMMA = YES;
				CLANG_WARN_CONSTANT_CONVERSION = YES;
				CLANG_WARN_DEPRECATED_OBJC_IMPLEMENTATIONS = YES;
				CLANG_WARN_DIRECT_OBJC_ISA_USAGE = YES_ERROR;
				CLANG_WARN_DOCUMENTATION_COMMENTS = YES;
				CLANG_WARN_EMPTY_BODY = YES;
				CLANG_WARN_ENUM_CONVERSION = YES;
				CLANG_WARN_INFINITE_RECURSION = YES;
				CLANG_WARN_INT_CONVERSION = YES;
				CLANG_WARN_NON_LITERAL_NULL_CONVERSION = YES;
				CLANG_WARN_OBJC_IMPLICIT_RETAIN_SELF = YES;
				CLANG_WARN_OBJC_LITERAL_CONVERSION = YES;
				CLANG_WARN_OBJC_ROOT_CLASS = YES_ERROR;
				CLANG_WARN_RANGE_LOOP_ANALYSIS = YES;
				CLANG_WARN_STRICT_PROTOTYPES = YES;
				CLANG_WARN_SUSPICIOUS_MOVE = YES;
				CLANG_WARN_UNGUARDED_AVAILABILITY = YES_AGGRESSIVE;
				CLANG_WARN_UNREACHABLE_CODE = YES;
				CLANG_WARN__DUPLICATE_METHOD_MATCH = YES;
				CODE_SIGN_IDENTITY = "iPhone Developer";
				COPY_PHASE_STRIP = NO;
				DEBUG_INFORMATION_FORMAT = "dwarf-with-dsym";
				ENABLE_NS_ASSERTIONS = NO;
				ENABLE_STRICT_OBJC_MSGSEND = YES;
				GCC_C_LANGUAGE_STANDARD = gnu11;
				GCC_NO_COMMON_BLOCKS = YES;
				GCC_WARN_64_TO_32_BIT_CONVERSION = YES;
				GCC_WARN_ABOUT_RETURN_TYPE = YES_ERROR;
				GCC_WARN_UNDECLARED_SELECTOR = YES;
				GCC_WARN_UNINITIALIZED_AUTOS = YES_AGGRESSIVE;
				GCC_WARN_UNUSED_FUNCTION = YES;
				GCC_WARN_UNUSED_VARIABLE = YES;
				IPHONEOS_DEPLOYMENT_TARGET = 12.4;
				MTL_ENABLE_DEBUG_INFO = NO;
				MTL_FAST_MATH = YES;
				SDKROOT = iphoneos;
				VALIDATE_PRODUCT = YES;
			};
			name = Release;
		};
		A3BD5E9E2318F76200F18D3D /* Debug */ = {
			isa = XCBuildConfiguration;
			baseConfigurationReference = 3F552306B5BAC95A8AE4C6A7 /* Pods-DDZCJ.debug.xcconfig */;
			buildSettings = {
				ASSETCATALOG_COMPILER_APPICON_NAME = AppIcon;
				CLANG_ENABLE_OBJC_ARC = YES;
				CODE_SIGN_STYLE = Automatic;
				DEVELOPMENT_TEAM = AMF5B25T3G;
				GCC_PREFIX_HEADER = "$(SRCROOT)/DDZCJ/PrefixHeader.pch";
				INFOPLIST_FILE = DDZCJ/Info.plist;
				IPHONEOS_DEPLOYMENT_TARGET = 9.0;
				LD_RUNPATH_SEARCH_PATHS = (
					"$(inherited)",
					"@executable_path/Frameworks",
				);
				PRODUCT_BUNDLE_IDENTIFIER = com.xccg.clever;
				PRODUCT_NAME = "$(TARGET_NAME)";
				TARGETED_DEVICE_FAMILY = "1,2";
			};
			name = Debug;
		};
		A3BD5E9F2318F76200F18D3D /* Release */ = {
			isa = XCBuildConfiguration;
			baseConfigurationReference = A667DAECC4764E439E009D87 /* Pods-DDZCJ.release.xcconfig */;
			buildSettings = {
				ASSETCATALOG_COMPILER_APPICON_NAME = AppIcon;
				CLANG_ENABLE_OBJC_ARC = YES;
				CODE_SIGN_STYLE = Automatic;
				DEVELOPMENT_TEAM = AMF5B25T3G;
				GCC_PREFIX_HEADER = "$(SRCROOT)/DDZCJ/PrefixHeader.pch";
				INFOPLIST_FILE = DDZCJ/Info.plist;
				IPHONEOS_DEPLOYMENT_TARGET = 9.0;
				LD_RUNPATH_SEARCH_PATHS = (
					"$(inherited)",
					"@executable_path/Frameworks",
				);
				PRODUCT_BUNDLE_IDENTIFIER = com.xccg.clever;
				PRODUCT_NAME = "$(TARGET_NAME)";
				TARGETED_DEVICE_FAMILY = "1,2";
			};
			name = Release;
		};
		A3BD5EA12318F76200F18D3D /* Debug */ = {
			isa = XCBuildConfiguration;
			baseConfigurationReference = CC747D1B733B0D2C58B30625 /* Pods-DDZCJTests.debug.xcconfig */;
			buildSettings = {
				BUNDLE_LOADER = "$(TEST_HOST)";
				CODE_SIGN_STYLE = Automatic;
				INFOPLIST_FILE = DDZCJTests/Info.plist;
				LD_RUNPATH_SEARCH_PATHS = (
					"$(inherited)",
					"@executable_path/Frameworks",
					"@loader_path/Frameworks",
				);
				PRODUCT_BUNDLE_IDENTIFIER = test.df.DDZCJTests;
				PRODUCT_NAME = "$(TARGET_NAME)";
				TARGETED_DEVICE_FAMILY = "1,2";
				TEST_HOST = "$(BUILT_PRODUCTS_DIR)/DDZCJ.app/DDZCJ";
			};
			name = Debug;
		};
		A3BD5EA22318F76200F18D3D /* Release */ = {
			isa = XCBuildConfiguration;
			baseConfigurationReference = 7BBB5F064816F293C9413E47 /* Pods-DDZCJTests.release.xcconfig */;
			buildSettings = {
				BUNDLE_LOADER = "$(TEST_HOST)";
				CODE_SIGN_STYLE = Automatic;
				INFOPLIST_FILE = DDZCJTests/Info.plist;
				LD_RUNPATH_SEARCH_PATHS = (
					"$(inherited)",
					"@executable_path/Frameworks",
					"@loader_path/Frameworks",
				);
				PRODUCT_BUNDLE_IDENTIFIER = test.df.DDZCJTests;
				PRODUCT_NAME = "$(TARGET_NAME)";
				TARGETED_DEVICE_FAMILY = "1,2";
				TEST_HOST = "$(BUILT_PRODUCTS_DIR)/DDZCJ.app/DDZCJ";
			};
			name = Release;
		};
		A3BD5EA42318F76200F18D3D /* Debug */ = {
			isa = XCBuildConfiguration;
			baseConfigurationReference = 30272250FBFF0FC984358BBD /* Pods-DDZCJUITests.debug.xcconfig */;
			buildSettings = {
				CODE_SIGN_STYLE = Automatic;
				INFOPLIST_FILE = DDZCJUITests/Info.plist;
				LD_RUNPATH_SEARCH_PATHS = (
					"$(inherited)",
					"@executable_path/Frameworks",
					"@loader_path/Frameworks",
				);
				PRODUCT_BUNDLE_IDENTIFIER = test.df.DDZCJUITests;
				PRODUCT_NAME = "$(TARGET_NAME)";
				TARGETED_DEVICE_FAMILY = "1,2";
				TEST_TARGET_NAME = DDZCJ;
			};
			name = Debug;
		};
		A3BD5EA52318F76200F18D3D /* Release */ = {
			isa = XCBuildConfiguration;
			baseConfigurationReference = FB0B5D9B83FA1AFA1D9C5C7A /* Pods-DDZCJUITests.release.xcconfig */;
			buildSettings = {
				CODE_SIGN_STYLE = Automatic;
				INFOPLIST_FILE = DDZCJUITests/Info.plist;
				LD_RUNPATH_SEARCH_PATHS = (
					"$(inherited)",
					"@executable_path/Frameworks",
					"@loader_path/Frameworks",
				);
				PRODUCT_BUNDLE_IDENTIFIER = test.df.DDZCJUITests;
				PRODUCT_NAME = "$(TARGET_NAME)";
				TARGETED_DEVICE_FAMILY = "1,2";
				TEST_TARGET_NAME = DDZCJ;
			};
			name = Release;
		};
/* End XCBuildConfiguration section */

/* Begin XCConfigurationList section */
		A3BD5E652318F76100F18D3D /* Build configuration list for PBXProject "DDZCJ" */ = {
			isa = XCConfigurationList;
			buildConfigurations = (
				A3BD5E9B2318F76200F18D3D /* Debug */,
				A3BD5E9C2318F76200F18D3D /* Release */,
			);
			defaultConfigurationIsVisible = 0;
			defaultConfigurationName = Release;
		};
		A3BD5E9D2318F76200F18D3D /* Build configuration list for PBXNativeTarget "DDZCJ" */ = {
			isa = XCConfigurationList;
			buildConfigurations = (
				A3BD5E9E2318F76200F18D3D /* Debug */,
				A3BD5E9F2318F76200F18D3D /* Release */,
			);
			defaultConfigurationIsVisible = 0;
			defaultConfigurationName = Release;
		};
		A3BD5EA02318F76200F18D3D /* Build configuration list for PBXNativeTarget "DDZCJTests" */ = {
			isa = XCConfigurationList;
			buildConfigurations = (
				A3BD5EA12318F76200F18D3D /* Debug */,
				A3BD5EA22318F76200F18D3D /* Release */,
			);
			defaultConfigurationIsVisible = 0;
			defaultConfigurationName = Release;
		};
		A3BD5EA32318F76200F18D3D /* Build configuration list for PBXNativeTarget "DDZCJUITests" */ = {
			isa = XCConfigurationList;
			buildConfigurations = (
				A3BD5EA42318F76200F18D3D /* Debug */,
				A3BD5EA52318F76200F18D3D /* Release */,
			);
			defaultConfigurationIsVisible = 0;
			defaultConfigurationName = Release;
		};
/* End XCConfigurationList section */
	};
	rootObject = A3BD5E622318F76100F18D3D /* Project object */;
}
